
Microsoft Visual Studio Solution File, Format Version 12.00
# Visual Studio 14
VisualStudioVersion = 14.0.25420.1
MinimumVisualStudioVersion = 10.0.40219.1
Project("{FAE04EC0-301F-11D3-BF4B-00C04F79EFBC}") = "PubSub.Modules.Publisher", "PubSub.Modules.Publisher\PubSub.Modules.Publisher.csproj", "{6C333B29-7869-487D-8690-6175865DC65D}"
EndProject
Project("{FAE04EC0-301F-11D3-BF4B-00C04F79EFBC}") = "PubSub.Modules.Subscriber", "PubSub.Modules.Subscriber\PubSub.Modules.Subscriber.csproj", "{B5D7518F-1336-412E-A5F6-F73172729157}"
EndProject
Project("{FAE04EC0-301F-11D3-BF4B-00C04F79EFBC}") = "PubSub.Api.Publisher", "PubSub.Api.Publisher\PubSub.Api.Publisher.csproj", "{DC955B5B-1063-445D-B9C4-38DA2AFF20EB}"
EndProject
Project("{FAE04EC0-301F-11D3-BF4B-00C04F79EFBC}") = "PubSub.Owin.Subscriber", "PubSub.Owin.Subscriber\PubSub.Owin.Subscriber.csproj", "{50A26634-50FC-4509-9883-0BD292C74CB8}"
EndProject
Project("{FAE04EC0-301F-11D3-BF4B-00C04F79EFBC}") = "PubSub.Repository.Subscriber", "PubSub.Repository.Subscriber\PubSub.Repository.Subscriber.csproj", "{C9A4E32E-00CC-43F0-86B7-478606815AB3}"
EndProject
Project("{2150E333-8FDC-42A3-9474-1A3956D46DE8}") = "Modules", "Modules", "{EC2BDA83-F40E-4E1B-B704-BA31E699245A}"
EndProject
Project("{2150E333-8FDC-42A3-9474-1A3956D46DE8}") = "Implementation", "Implementation", "{B86B9C35-A23A-439A-8733-82500C920431}"
EndProject
Project("{2150E333-8FDC-42A3-9474-1A3956D46DE8}") = "Repository", "Repository", "{3C7650C2-7A2A-4096-9BD9-B5234119E274}"
EndProject
Project("{FAE04EC0-301F-11D3-BF4B-00C04F79EFBC}") = "PubSub.Lib.Repository.Subscriber", "PubSub.Lib.Repository.Subscriber\PubSub.Lib.Repository.Subscriber.csproj", "{F781CF15-844A-4A73-A850-3E6D651AC4D0}"
EndProject
Project("{2150E333-8FDC-42A3-9474-1A3956D46DE8}") = "Subscriber", "Subscriber", "{6EC127C1-CF37-4256-A435-75BC6C46EFD6}"
EndProject
Project("{2150E333-8FDC-42A3-9474-1A3956D46DE8}") = "Publisher", "Publisher", "{5B45447A-595E-4C07-93BF-57D7DE91193B}"
EndProject
Project("{2150E333-8FDC-42A3-9474-1A3956D46DE8}") = "Subscriber", "Subscriber", "{DC5048ED-F4FA-48A9-ACF4-5D1C53446BD8}"
EndProject
Project("{FAE04EC0-301F-11D3-BF4B-00C04F79EFBC}") = "PubSub.Lib.Modules.Publisher", "PubSub.Lib.Modules.Publisher\PubSub.Lib.Modules.Publisher.csproj", "{091938A6-61A5-47E8-BD5D-14812BE23180}"
EndProject
Project("{FAE04EC0-301F-11D3-BF4B-00C04F79EFBC}") = "PubSub.Modules.Processor", "PubSub.Modules.Processor\PubSub.Modules.Processor.csproj", "{3FC12936-9129-44B7-963C-28EE00BCD143}"
EndProject
Project("{2150E333-8FDC-42A3-9474-1A3956D46DE8}") = "Processor", "Processor", "{A6C2E65F-CDE2-4370-A8CF-42FD2E56F68E}"
EndProject
Project("{FAE04EC0-301F-11D3-BF4B-00C04F79EFBC}") = "PubSub.Lib.Modules.Processor", "PubSub.Lib.Modules.Processor\PubSub.Lib.Modules.Processor.csproj", "{E9808BA8-0869-4ADC-921C-1CAAB30FAADF}"
EndProject
Project("{2150E333-8FDC-42A3-9474-1A3956D46DE8}") = "Shared", "Shared", "{7FB74F71-9A7C-48E9-A244-5A9B3BAB943A}"
EndProject
Project("{FAE04EC0-301F-11D3-BF4B-00C04F79EFBC}") = "PubSub.Lib.Modules.Shared", "PubSub.Lib.Modules.Shared\PubSub.Lib.Modules.Shared.csproj", "{4E8AE471-8670-46FE-830C-0E674A7CBF4A}"
EndProject
Project("{FAE04EC0-301F-11D3-BF4B-00C04F79EFBC}") = "PubSub.Lib.Modules.Subscriber", "PubSub.Lib.Modules.Subscriber\PubSub.Lib.Modules.Subscriber.csproj", "{384FBBE2-FFD0-4E93-A7F3-A39F1088418E}"
EndProject
Project("{2150E333-8FDC-42A3-9474-1A3956D46DE8}") = "Tests", "Tests", "{E222EE50-708B-4413-8E8B-27E23CEB0C1D}"
EndProject
Project("{FAE04EC0-301F-11D3-BF4B-00C04F79EFBC}") = "PubSub.Tests.Modules", "PubSub.Tests.Modules\PubSub.Tests.Modules.csproj", "{1E01CE4E-42FE-4992-958C-47313D6099B0}"
EndProject
Global
	GlobalSection(SolutionConfigurationPlatforms) = preSolution
		Debug|Any CPU = Debug|Any CPU
		Release|Any CPU = Release|Any CPU
	EndGlobalSection
	GlobalSection(ProjectConfigurationPlatforms) = postSolution
		{6C333B29-7869-487D-8690-6175865DC65D}.Debug|Any CPU.ActiveCfg = Debug|Any CPU
		{6C333B29-7869-487D-8690-6175865DC65D}.Debug|Any CPU.Build.0 = Debug|Any CPU
		{6C333B29-7869-487D-8690-6175865DC65D}.Release|Any CPU.ActiveCfg = Release|Any CPU
		{6C333B29-7869-487D-8690-6175865DC65D}.Release|Any CPU.Build.0 = Release|Any CPU
		{B5D7518F-1336-412E-A5F6-F73172729157}.Debug|Any CPU.ActiveCfg = Debug|Any CPU
		{B5D7518F-1336-412E-A5F6-F73172729157}.Debug|Any CPU.Build.0 = Debug|Any CPU
		{B5D7518F-1336-412E-A5F6-F73172729157}.Release|Any CPU.ActiveCfg = Release|Any CPU
		{B5D7518F-1336-412E-A5F6-F73172729157}.Release|Any CPU.Build.0 = Release|Any CPU
		{DC955B5B-1063-445D-B9C4-38DA2AFF20EB}.Debug|Any CPU.ActiveCfg = Debug|Any CPU
		{DC955B5B-1063-445D-B9C4-38DA2AFF20EB}.Debug|Any CPU.Build.0 = Debug|Any CPU
		{DC955B5B-1063-445D-B9C4-38DA2AFF20EB}.Release|Any CPU.ActiveCfg = Release|Any CPU
		{DC955B5B-1063-445D-B9C4-38DA2AFF20EB}.Release|Any CPU.Build.0 = Release|Any CPU
		{50A26634-50FC-4509-9883-0BD292C74CB8}.Debug|Any CPU.ActiveCfg = Debug|Any CPU
		{50A26634-50FC-4509-9883-0BD292C74CB8}.Debug|Any CPU.Build.0 = Debug|Any CPU
		{50A26634-50FC-4509-9883-0BD292C74CB8}.Release|Any CPU.ActiveCfg = Release|Any CPU
		{50A26634-50FC-4509-9883-0BD292C74CB8}.Release|Any CPU.Build.0 = Release|Any CPU
		{C9A4E32E-00CC-43F0-86B7-478606815AB3}.Debug|Any CPU.ActiveCfg = Debug|Any CPU
		{C9A4E32E-00CC-43F0-86B7-478606815AB3}.Debug|Any CPU.Build.0 = Debug|Any CPU
		{C9A4E32E-00CC-43F0-86B7-478606815AB3}.Release|Any CPU.ActiveCfg = Release|Any CPU
		{C9A4E32E-00CC-43F0-86B7-478606815AB3}.Release|Any CPU.Build.0 = Release|Any CPU
		{F781CF15-844A-4A73-A850-3E6D651AC4D0}.Debug|Any CPU.ActiveCfg = Debug|Any CPU
		{F781CF15-844A-4A73-A850-3E6D651AC4D0}.Debug|Any CPU.Build.0 = Debug|Any CPU
		{F781CF15-844A-4A73-A850-3E6D651AC4D0}.Release|Any CPU.ActiveCfg = Release|Any CPU
		{F781CF15-844A-4A73-A850-3E6D651AC4D0}.Release|Any CPU.Build.0 = Release|Any CPU
		{091938A6-61A5-47E8-BD5D-14812BE23180}.Debug|Any CPU.ActiveCfg = Debug|Any CPU
		{091938A6-61A5-47E8-BD5D-14812BE23180}.Debug|Any CPU.Build.0 = Debug|Any CPU
		{091938A6-61A5-47E8-BD5D-14812BE23180}.Release|Any CPU.ActiveCfg = Release|Any CPU
		{091938A6-61A5-47E8-BD5D-14812BE23180}.Release|Any CPU.Build.0 = Release|Any CPU
		{3FC12936-9129-44B7-963C-28EE00BCD143}.Debug|Any CPU.ActiveCfg = Debug|Any CPU
		{3FC12936-9129-44B7-963C-28EE00BCD143}.Debug|Any CPU.Build.0 = Debug|Any CPU
		{3FC12936-9129-44B7-963C-28EE00BCD143}.Release|Any CPU.ActiveCfg = Release|Any CPU
		{3FC12936-9129-44B7-963C-28EE00BCD143}.Release|Any CPU.Build.0 = Release|Any CPU
		{E9808BA8-0869-4ADC-921C-1CAAB30FAADF}.Debug|Any CPU.ActiveCfg = Debug|Any CPU
		{E9808BA8-0869-4ADC-921C-1CAAB30FAADF}.Debug|Any CPU.Build.0 = Debug|Any CPU
		{E9808BA8-0869-4ADC-921C-1CAAB30FAADF}.Release|Any CPU.ActiveCfg = Release|Any CPU
		{E9808BA8-0869-4ADC-921C-1CAAB30FAADF}.Release|Any CPU.Build.0 = Release|Any CPU
		{4E8AE471-8670-46FE-830C-0E674A7CBF4A}.Debug|Any CPU.ActiveCfg = Debug|Any CPU
		{4E8AE471-8670-46FE-830C-0E674A7CBF4A}.Debug|Any CPU.Build.0 = Debug|Any CPU
		{4E8AE471-8670-46FE-830C-0E674A7CBF4A}.Release|Any CPU.ActiveCfg = Release|Any CPU
		{4E8AE471-8670-46FE-830C-0E674A7CBF4A}.Release|Any CPU.Build.0 = Release|Any CPU
		{384FBBE2-FFD0-4E93-A7F3-A39F1088418E}.Debug|Any CPU.ActiveCfg = Debug|Any CPU
		{384FBBE2-FFD0-4E93-A7F3-A39F1088418E}.Debug|Any CPU.Build.0 = Debug|Any CPU
		{384FBBE2-FFD0-4E93-A7F3-A39F1088418E}.Release|Any CPU.ActiveCfg = Release|Any CPU
		{384FBBE2-FFD0-4E93-A7F3-A39F1088418E}.Release|Any CPU.Build.0 = Release|Any CPU
		{1E01CE4E-42FE-4992-958C-47313D6099B0}.Debug|Any CPU.ActiveCfg = Debug|Any CPU
		{1E01CE4E-42FE-4992-958C-47313D6099B0}.Debug|Any CPU.Build.0 = Debug|Any CPU
		{1E01CE4E-42FE-4992-958C-47313D6099B0}.Release|Any CPU.ActiveCfg = Release|Any CPU
		{1E01CE4E-42FE-4992-958C-47313D6099B0}.Release|Any CPU.Build.0 = Release|Any CPU
	EndGlobalSection
	GlobalSection(SolutionProperties) = preSolution
		HideSolutionNode = FALSE
	EndGlobalSection
	GlobalSection(NestedProjects) = preSolution
		{6C333B29-7869-487D-8690-6175865DC65D} = {5B45447A-595E-4C07-93BF-57D7DE91193B}
		{B5D7518F-1336-412E-A5F6-F73172729157} = {DC5048ED-F4FA-48A9-ACF4-5D1C53446BD8}
		{DC955B5B-1063-445D-B9C4-38DA2AFF20EB} = {B86B9C35-A23A-439A-8733-82500C920431}
		{50A26634-50FC-4509-9883-0BD292C74CB8} = {B86B9C35-A23A-439A-8733-82500C920431}
		{C9A4E32E-00CC-43F0-86B7-478606815AB3} = {6EC127C1-CF37-4256-A435-75BC6C46EFD6}
		{F781CF15-844A-4A73-A850-3E6D651AC4D0} = {6EC127C1-CF37-4256-A435-75BC6C46EFD6}
		{6EC127C1-CF37-4256-A435-75BC6C46EFD6} = {3C7650C2-7A2A-4096-9BD9-B5234119E274}
		{5B45447A-595E-4C07-93BF-57D7DE91193B} = {EC2BDA83-F40E-4E1B-B704-BA31E699245A}
		{DC5048ED-F4FA-48A9-ACF4-5D1C53446BD8} = {EC2BDA83-F40E-4E1B-B704-BA31E699245A}
		{091938A6-61A5-47E8-BD5D-14812BE23180} = {5B45447A-595E-4C07-93BF-57D7DE91193B}
		{3FC12936-9129-44B7-963C-28EE00BCD143} = {A6C2E65F-CDE2-4370-A8CF-42FD2E56F68E}
		{A6C2E65F-CDE2-4370-A8CF-42FD2E56F68E} = {EC2BDA83-F40E-4E1B-B704-BA31E699245A}
		{E9808BA8-0869-4ADC-921C-1CAAB30FAADF} = {A6C2E65F-CDE2-4370-A8CF-42FD2E56F68E}
		{7FB74F71-9A7C-48E9-A244-5A9B3BAB943A} = {EC2BDA83-F40E-4E1B-B704-BA31E699245A}
		{4E8AE471-8670-46FE-830C-0E674A7CBF4A} = {7FB74F71-9A7C-48E9-A244-5A9B3BAB943A}
		{384FBBE2-FFD0-4E93-A7F3-A39F1088418E} = {DC5048ED-F4FA-48A9-ACF4-5D1C53446BD8}
		{1E01CE4E-42FE-4992-958C-47313D6099B0} = {E222EE50-708B-4413-8E8B-27E23CEB0C1D}
	EndGlobalSection
EndGlobal
